
Microsoft Visual Studio Solution File, Format Version 12.00
# Visual Studio Version 16
VisualStudioVersion = 16.0.30717.126
MinimumVisualStudioVersion = 10.0.40219.1
Project("{FAE04EC0-301F-11D3-BF4B-00C04F79EFBC}") = "EasyTrip.Android", "EasyTrip\EasyTrip.Android\EasyTrip.Android.csproj", "{326E93FF-EF91-4ED2-845A-DAF25CFA97AE}"
EndProject
Project("{FAE04EC0-301F-11D3-BF4B-00C04F79EFBC}") = "EasyTrip", "EasyTrip\EasyTrip\EasyTrip.csproj", "{462DEF6F-E6A5-4C8C-B983-AFA0F4542315}"
EndProject
Global
	GlobalSection(SolutionConfigurationPlatforms) = preSolution
		Debug|Any CPU = Debug|Any CPU
		Release|Any CPU = Release|Any CPU
	EndGlobalSection
	GlobalSection(ProjectConfigurationPlatforms) = postSolution
		{326E93FF-EF91-4ED2-845A-DAF25CFA97AE}.Debug|Any CPU.ActiveCfg = Debug|Any CPU
		{326E93FF-EF91-4ED2-845A-DAF25CFA97AE}.Debug|Any CPU.Build.0 = Debug|Any CPU
		{326E93FF-EF91-4ED2-845A-DAF25CFA97AE}.Debug|Any CPU.Deploy.0 = Debug|Any CPU
		{326E93FF-EF91-4ED2-845A-DAF25CFA97AE}.Release|Any CPU.ActiveCfg = Release|Any CPU
		{326E93FF-EF91-4ED2-845A-DAF25CFA97AE}.Release|Any CPU.Build.0 = Release|Any CPU
		{326E93FF-EF91-4ED2-845A-DAF25CFA97AE}.Release|Any CPU.Deploy.0 = Release|Any CPU
		{462DEF6F-E6A5-4C8C-B983-AFA0F4542315}.Debug|Any CPU.ActiveCfg = Debug|Any CPU
		{462DEF6F-E6A5-4C8C-B983-AFA0F4542315}.Debug|Any CPU.Build.0 = Debug|Any CPU
		{462DEF6F-E6A5-4C8C-B983-AFA0F4542315}.Debug|Any CPU.Deploy.0 = Debug|Any CPU
		{462DEF6F-E6A5-4C8C-B983-AFA0F4542315}.Release|Any CPU.ActiveCfg = Release|Any CPU
		{462DEF6F-E6A5-4C8C-B983-AFA0F4542315}.Release|Any CPU.Build.0 = Release|Any CPU
		{462DEF6F-E6A5-4C8C-B983-AFA0F4542315}.Release|Any CPU.Deploy.0 = Release|Any CPU
	EndGlobalSection
	GlobalSection(SolutionProperties) = preSolution
		HideSolutionNode = FALSE
	EndGlobalSection
	GlobalSection(ExtensibilityGlobals) = postSolution
		SolutionGuid = {62EEBD3A-099B-4949-82C0-1123C6A385B8}
	EndGlobalSection
EndGlobal
